
Microsoft Visual Studio Solution File, Format Version 12.00
# Visual Studio Version 17
VisualStudioVersion = 17.13.35931.197
MinimumVisualStudioVersion = 10.0.40219.1
Project("{FAE04EC0-301F-11D3-BF4B-00C04F79EFBC}") = "ENSEK", "ENSEK\ENSEK.csproj", "{DC2F9A06-B449-4473-AB2E-A97E2B1FC1A8}"
EndProject
Project("{FAE04EC0-301F-11D3-BF4B-00C04F79EFBC}") = "ENSEK.DataAccess", "ENSEK.DataAccess\ENSEK.DataAccess.csproj", "{ECAAA5AF-D47C-428C-9E16-9A8730616DB3}"
EndProject
Project("{FAE04EC0-301F-11D3-BF4B-00C04F79EFBC}") = "ENSEK.Imports", "ENSEK.Imports\ENSEK.Imports.csproj", "{D10DFF33-B5C8-4AFE-A16C-E2A039C49032}"
EndProject
Global
	GlobalSection(SolutionConfigurationPlatforms) = preSolution
		Debug|Any CPU = Debug|Any CPU
		Release|Any CPU = Release|Any CPU
	EndGlobalSection
	GlobalSection(ProjectConfigurationPlatforms) = postSolution
		{DC2F9A06-B449-4473-AB2E-A97E2B1FC1A8}.Debug|Any CPU.ActiveCfg = Debug|Any CPU
		{DC2F9A06-B449-4473-AB2E-A97E2B1FC1A8}.Debug|Any CPU.Build.0 = Debug|Any CPU
		{DC2F9A06-B449-4473-AB2E-A97E2B1FC1A8}.Release|Any CPU.ActiveCfg = Release|Any CPU
		{DC2F9A06-B449-4473-AB2E-A97E2B1FC1A8}.Release|Any CPU.Build.0 = Release|Any CPU
		{ECAAA5AF-D47C-428C-9E16-9A8730616DB3}.Debug|Any CPU.ActiveCfg = Debug|Any CPU
		{ECAAA5AF-D47C-428C-9E16-9A8730616DB3}.Debug|Any CPU.Build.0 = Debug|Any CPU
		{ECAAA5AF-D47C-428C-9E16-9A8730616DB3}.Release|Any CPU.ActiveCfg = Release|Any CPU
		{ECAAA5AF-D47C-428C-9E16-9A8730616DB3}.Release|Any CPU.Build.0 = Release|Any CPU
		{D10DFF33-B5C8-4AFE-A16C-E2A039C49032}.Debug|Any CPU.ActiveCfg = Debug|Any CPU
		{D10DFF33-B5C8-4AFE-A16C-E2A039C49032}.Debug|Any CPU.Build.0 = Debug|Any CPU
		{D10DFF33-B5C8-4AFE-A16C-E2A039C49032}.Release|Any CPU.ActiveCfg = Release|Any CPU
		{D10DFF33-B5C8-4AFE-A16C-E2A039C49032}.Release|Any CPU.Build.0 = Release|Any CPU
	EndGlobalSection
	GlobalSection(SolutionProperties) = preSolution
		HideSolutionNode = FALSE
	EndGlobalSection
	GlobalSection(ExtensibilityGlobals) = postSolution
		SolutionGuid = {5159307E-C921-4D7A-990F-9BD4AB5F1502}
	EndGlobalSection
EndGlobal
